
Microsoft Visual Studio Solution File, Format Version 12.00
# Visual Studio 14
VisualStudioVersion = 14.0.25420.1
MinimumVisualStudioVersion = 10.0.40219.1
Project("{2150E333-8FDC-42A3-9474-1A3956D46DE8}") = "DataAccessLayer", "DataAccessLayer", "{27862921-D4D8-447B-B6A0-27F685AA4592}"
EndProject
Project("{2150E333-8FDC-42A3-9474-1A3956D46DE8}") = "PresentationLayer", "PresentationLayer", "{AE4C96FC-3844-4B7C-900B-D37AE232059B}"
EndProject
Project("{2150E333-8FDC-42A3-9474-1A3956D46DE8}") = "BusinessLogicLayer", "BusinessLogicLayer", "{AED3D067-298E-4DA9-ADEF-EA04DE17F0E8}"
EndProject
Project("{2150E333-8FDC-42A3-9474-1A3956D46DE8}") = "ModelLayer", "ModelLayer", "{FCF78BEF-7744-43A3-9861-1B182EAEC244}"
EndProject
Project("{FAE04EC0-301F-11D3-BF4B-00C04F79EFBC}") = "Model", "MySchoolModel\Model.csproj", "{0A36BB98-9CAC-4534-B749-3775A5E11A44}"
EndProject
Project("{FAE04EC0-301F-11D3-BF4B-00C04F79EFBC}") = "DALMSSQL", "DALMSSQL\DALMSSQL.csproj", "{69ED8404-515D-42F3-82A9-E51941D59645}"
EndProject
Project("{FAE04EC0-301F-11D3-BF4B-00C04F79EFBC}") = "BLL", "BLL\BLL.csproj", "{10E83CC6-845E-423E-9193-6FDB6402835A}"
EndProject
Project("{FAE04EC0-301F-11D3-BF4B-00C04F79EFBC}") = "WinForms", "WinForms\WinForms.csproj", "{BDD813CE-6D4C-4284-B821-290361995400}"
EndProject
Project("{FAE04EC0-301F-11D3-BF4B-00C04F79EFBC}") = "ViewModel", "ViewModel\ViewModel.csproj", "{643E675B-731A-41F1-AE8C-85D5F8408F91}"
EndProject
Global
	GlobalSection(SolutionConfigurationPlatforms) = preSolution
		Debug|Any CPU = Debug|Any CPU
		Release|Any CPU = Release|Any CPU
	EndGlobalSection
	GlobalSection(ProjectConfigurationPlatforms) = postSolution
		{0A36BB98-9CAC-4534-B749-3775A5E11A44}.Debug|Any CPU.ActiveCfg = Debug|Any CPU
		{0A36BB98-9CAC-4534-B749-3775A5E11A44}.Debug|Any CPU.Build.0 = Debug|Any CPU
		{0A36BB98-9CAC-4534-B749-3775A5E11A44}.Release|Any CPU.ActiveCfg = Release|Any CPU
		{0A36BB98-9CAC-4534-B749-3775A5E11A44}.Release|Any CPU.Build.0 = Release|Any CPU
		{69ED8404-515D-42F3-82A9-E51941D59645}.Debug|Any CPU.ActiveCfg = Debug|Any CPU
		{69ED8404-515D-42F3-82A9-E51941D59645}.Debug|Any CPU.Build.0 = Debug|Any CPU
		{69ED8404-515D-42F3-82A9-E51941D59645}.Release|Any CPU.ActiveCfg = Release|Any CPU
		{69ED8404-515D-42F3-82A9-E51941D59645}.Release|Any CPU.Build.0 = Release|Any CPU
		{10E83CC6-845E-423E-9193-6FDB6402835A}.Debug|Any CPU.ActiveCfg = Debug|Any CPU
		{10E83CC6-845E-423E-9193-6FDB6402835A}.Debug|Any CPU.Build.0 = Debug|Any CPU
		{10E83CC6-845E-423E-9193-6FDB6402835A}.Release|Any CPU.ActiveCfg = Release|Any CPU
		{10E83CC6-845E-423E-9193-6FDB6402835A}.Release|Any CPU.Build.0 = Release|Any CPU
		{BDD813CE-6D4C-4284-B821-290361995400}.Debug|Any CPU.ActiveCfg = Debug|Any CPU
		{BDD813CE-6D4C-4284-B821-290361995400}.Debug|Any CPU.Build.0 = Debug|Any CPU
		{BDD813CE-6D4C-4284-B821-290361995400}.Release|Any CPU.ActiveCfg = Release|Any CPU
		{BDD813CE-6D4C-4284-B821-290361995400}.Release|Any CPU.Build.0 = Release|Any CPU
		{643E675B-731A-41F1-AE8C-85D5F8408F91}.Debug|Any CPU.ActiveCfg = Debug|Any CPU
		{643E675B-731A-41F1-AE8C-85D5F8408F91}.Debug|Any CPU.Build.0 = Debug|Any CPU
		{643E675B-731A-41F1-AE8C-85D5F8408F91}.Release|Any CPU.ActiveCfg = Release|Any CPU
		{643E675B-731A-41F1-AE8C-85D5F8408F91}.Release|Any CPU.Build.0 = Release|Any CPU
	EndGlobalSection
	GlobalSection(SolutionProperties) = preSolution
		HideSolutionNode = FALSE
	EndGlobalSection
	GlobalSection(NestedProjects) = preSolution
		{0A36BB98-9CAC-4534-B749-3775A5E11A44} = {FCF78BEF-7744-43A3-9861-1B182EAEC244}
		{69ED8404-515D-42F3-82A9-E51941D59645} = {27862921-D4D8-447B-B6A0-27F685AA4592}
		{10E83CC6-845E-423E-9193-6FDB6402835A} = {AED3D067-298E-4DA9-ADEF-EA04DE17F0E8}
		{BDD813CE-6D4C-4284-B821-290361995400} = {AE4C96FC-3844-4B7C-900B-D37AE232059B}
		{643E675B-731A-41F1-AE8C-85D5F8408F91} = {FCF78BEF-7744-43A3-9861-1B182EAEC244}
	EndGlobalSection
EndGlobal
