
Microsoft Visual Studio Solution File, Format Version 12.00
# Visual Studio 14
VisualStudioVersion = 14.0.25420.1
MinimumVisualStudioVersion = 10.0.40219.1
Project("{2150E333-8FDC-42A3-9474-1A3956D46DE8}") = "ModelLayer", "ModelLayer", "{8AAF7682-C445-40D2-9E0C-647903428E34}"
EndProject
Project("{2150E333-8FDC-42A3-9474-1A3956D46DE8}") = "DataAccessLayer", "DataAccessLayer", "{D513B294-6E60-4290-8D95-12A8985744BA}"
EndProject
Project("{2150E333-8FDC-42A3-9474-1A3956D46DE8}") = "BusinessLogicLayer", "BusinessLogicLayer", "{E459129C-CE32-46DC-A2B8-43C2B190B49C}"
EndProject
Project("{2150E333-8FDC-42A3-9474-1A3956D46DE8}") = "PresentationLayer", "PresentationLayer", "{597EDBB5-FD26-44AC-A853-8F72B24BBE87}"
EndProject
Project("{FAE04EC0-301F-11D3-BF4B-00C04F79EFBC}") = "ModelStu", "ModelStu\ModelStu.csproj", "{85B4EF70-548A-40DB-B6BF-F147670915D9}"
EndProject
Project("{FAE04EC0-301F-11D3-BF4B-00C04F79EFBC}") = "DALMSSQL", "DALMSSQL\DALMSSQL.csproj", "{91054D31-8B9F-4840-83EE-9F4F684226C9}"
EndProject
Project("{FAE04EC0-301F-11D3-BF4B-00C04F79EFBC}") = "WindowsForms", "WindowsForms\WindowsForms.csproj", "{7B1F34BB-1045-4955-A14B-CD077CAFDEBE}"
EndProject
Project("{FAE04EC0-301F-11D3-BF4B-00C04F79EFBC}") = "BLL", "BLL\BLL.csproj", "{32A31DA0-48C0-4B22-8296-396160890509}"
EndProject
Project("{FAE04EC0-301F-11D3-BF4B-00C04F79EFBC}") = "ModelStuView", "ModelStuView\ModelStuView.csproj", "{B5122C5A-AE05-476B-B413-64D76024CFBD}"
EndProject
Project("{FAE04EC0-301F-11D3-BF4B-00C04F79EFBC}") = "DALMySQL", "DALMySQL\DALMySQL.csproj", "{0D169515-134C-4CAE-A47D-FCC4D67C400E}"
EndProject
Global
	GlobalSection(SolutionConfigurationPlatforms) = preSolution
		Debug|Any CPU = Debug|Any CPU
		Release|Any CPU = Release|Any CPU
	EndGlobalSection
	GlobalSection(ProjectConfigurationPlatforms) = postSolution
		{85B4EF70-548A-40DB-B6BF-F147670915D9}.Debug|Any CPU.ActiveCfg = Debug|Any CPU
		{85B4EF70-548A-40DB-B6BF-F147670915D9}.Debug|Any CPU.Build.0 = Debug|Any CPU
		{85B4EF70-548A-40DB-B6BF-F147670915D9}.Release|Any CPU.ActiveCfg = Release|Any CPU
		{85B4EF70-548A-40DB-B6BF-F147670915D9}.Release|Any CPU.Build.0 = Release|Any CPU
		{91054D31-8B9F-4840-83EE-9F4F684226C9}.Debug|Any CPU.ActiveCfg = Debug|Any CPU
		{91054D31-8B9F-4840-83EE-9F4F684226C9}.Debug|Any CPU.Build.0 = Debug|Any CPU
		{91054D31-8B9F-4840-83EE-9F4F684226C9}.Release|Any CPU.ActiveCfg = Release|Any CPU
		{91054D31-8B9F-4840-83EE-9F4F684226C9}.Release|Any CPU.Build.0 = Release|Any CPU
		{7B1F34BB-1045-4955-A14B-CD077CAFDEBE}.Debug|Any CPU.ActiveCfg = Debug|Any CPU
		{7B1F34BB-1045-4955-A14B-CD077CAFDEBE}.Debug|Any CPU.Build.0 = Debug|Any CPU
		{7B1F34BB-1045-4955-A14B-CD077CAFDEBE}.Release|Any CPU.ActiveCfg = Release|Any CPU
		{7B1F34BB-1045-4955-A14B-CD077CAFDEBE}.Release|Any CPU.Build.0 = Release|Any CPU
		{32A31DA0-48C0-4B22-8296-396160890509}.Debug|Any CPU.ActiveCfg = Debug|Any CPU
		{32A31DA0-48C0-4B22-8296-396160890509}.Debug|Any CPU.Build.0 = Debug|Any CPU
		{32A31DA0-48C0-4B22-8296-396160890509}.Release|Any CPU.ActiveCfg = Release|Any CPU
		{32A31DA0-48C0-4B22-8296-396160890509}.Release|Any CPU.Build.0 = Release|Any CPU
		{B5122C5A-AE05-476B-B413-64D76024CFBD}.Debug|Any CPU.ActiveCfg = Debug|Any CPU
		{B5122C5A-AE05-476B-B413-64D76024CFBD}.Debug|Any CPU.Build.0 = Debug|Any CPU
		{B5122C5A-AE05-476B-B413-64D76024CFBD}.Release|Any CPU.ActiveCfg = Release|Any CPU
		{B5122C5A-AE05-476B-B413-64D76024CFBD}.Release|Any CPU.Build.0 = Release|Any CPU
		{0D169515-134C-4CAE-A47D-FCC4D67C400E}.Debug|Any CPU.ActiveCfg = Debug|Any CPU
		{0D169515-134C-4CAE-A47D-FCC4D67C400E}.Debug|Any CPU.Build.0 = Debug|Any CPU
		{0D169515-134C-4CAE-A47D-FCC4D67C400E}.Release|Any CPU.ActiveCfg = Release|Any CPU
		{0D169515-134C-4CAE-A47D-FCC4D67C400E}.Release|Any CPU.Build.0 = Release|Any CPU
	EndGlobalSection
	GlobalSection(SolutionProperties) = preSolution
		HideSolutionNode = FALSE
	EndGlobalSection
	GlobalSection(NestedProjects) = preSolution
		{85B4EF70-548A-40DB-B6BF-F147670915D9} = {8AAF7682-C445-40D2-9E0C-647903428E34}
		{91054D31-8B9F-4840-83EE-9F4F684226C9} = {D513B294-6E60-4290-8D95-12A8985744BA}
		{7B1F34BB-1045-4955-A14B-CD077CAFDEBE} = {597EDBB5-FD26-44AC-A853-8F72B24BBE87}
		{32A31DA0-48C0-4B22-8296-396160890509} = {E459129C-CE32-46DC-A2B8-43C2B190B49C}
		{B5122C5A-AE05-476B-B413-64D76024CFBD} = {8AAF7682-C445-40D2-9E0C-647903428E34}
		{0D169515-134C-4CAE-A47D-FCC4D67C400E} = {D513B294-6E60-4290-8D95-12A8985744BA}
	EndGlobalSection
EndGlobal
