
Microsoft Visual Studio Solution File, Format Version 12.00
# Visual Studio 14
VisualStudioVersion = 14.0.25420.1
MinimumVisualStudioVersion = 10.0.40219.1
Project("{FAE04EC0-301F-11D3-BF4B-00C04F79EFBC}") = "WareHouse", "WareHouse\WareHouse.csproj", "{1D688D02-EED5-402D-9A27-31F9648F4BA7}"
EndProject
Project("{FAE04EC0-301F-11D3-BF4B-00C04F79EFBC}") = "MyClassLibrary1", "MyClassLibrary1\MyClassLibrary1.csproj", "{3D527726-5EBA-4BE3-9983-0824787AEB28}"
EndProject
Project("{FAE04EC0-301F-11D3-BF4B-00C04F79EFBC}") = "WareHouseSystem", "WareHouseSystem\WareHouseSystem.csproj", "{18D06ED7-90BE-4283-808D-EBA70BBB4C17}"
EndProject
Global
	GlobalSection(SolutionConfigurationPlatforms) = preSolution
		Debug|Any CPU = Debug|Any CPU
		Release|Any CPU = Release|Any CPU
	EndGlobalSection
	GlobalSection(ProjectConfigurationPlatforms) = postSolution
		{1D688D02-EED5-402D-9A27-31F9648F4BA7}.Debug|Any CPU.ActiveCfg = Debug|Any CPU
		{1D688D02-EED5-402D-9A27-31F9648F4BA7}.Debug|Any CPU.Build.0 = Debug|Any CPU
		{1D688D02-EED5-402D-9A27-31F9648F4BA7}.Release|Any CPU.ActiveCfg = Release|Any CPU
		{1D688D02-EED5-402D-9A27-31F9648F4BA7}.Release|Any CPU.Build.0 = Release|Any CPU
		{3D527726-5EBA-4BE3-9983-0824787AEB28}.Debug|Any CPU.ActiveCfg = Debug|Any CPU
		{3D527726-5EBA-4BE3-9983-0824787AEB28}.Debug|Any CPU.Build.0 = Debug|Any CPU
		{3D527726-5EBA-4BE3-9983-0824787AEB28}.Release|Any CPU.ActiveCfg = Release|Any CPU
		{3D527726-5EBA-4BE3-9983-0824787AEB28}.Release|Any CPU.Build.0 = Release|Any CPU
		{18D06ED7-90BE-4283-808D-EBA70BBB4C17}.Debug|Any CPU.ActiveCfg = Debug|Any CPU
		{18D06ED7-90BE-4283-808D-EBA70BBB4C17}.Debug|Any CPU.Build.0 = Debug|Any CPU
		{18D06ED7-90BE-4283-808D-EBA70BBB4C17}.Release|Any CPU.ActiveCfg = Release|Any CPU
		{18D06ED7-90BE-4283-808D-EBA70BBB4C17}.Release|Any CPU.Build.0 = Release|Any CPU
	EndGlobalSection
	GlobalSection(SolutionProperties) = preSolution
		HideSolutionNode = FALSE
	EndGlobalSection
EndGlobal
