
Microsoft Visual Studio Solution File, Format Version 12.00
# Visual Studio 14
VisualStudioVersion = 14.0.25420.1
MinimumVisualStudioVersion = 10.0.40219.1
Project("{FAE04EC0-301F-11D3-BF4B-00C04F79EFBC}") = "Homework 04-3 11-4", "Homework 04-3 11-4\Homework 04-3 11-4.csproj", "{B01EB74E-0F85-415F-92D2-372C230758E9}"
EndProject
Project("{F088123C-0E9E-452A-89E6-6BA2F21D5CAC}") = "ModelingProject1", "ModelingProject1\ModelingProject1.modelproj", "{C14C2CD3-86B8-4AD4-991B-6F3C5E4337E4}"
EndProject
Global
	GlobalSection(SolutionConfigurationPlatforms) = preSolution
		Debug|Any CPU = Debug|Any CPU
		Release|Any CPU = Release|Any CPU
	EndGlobalSection
	GlobalSection(ProjectConfigurationPlatforms) = postSolution
		{B01EB74E-0F85-415F-92D2-372C230758E9}.Debug|Any CPU.ActiveCfg = Debug|Any CPU
		{B01EB74E-0F85-415F-92D2-372C230758E9}.Debug|Any CPU.Build.0 = Debug|Any CPU
		{B01EB74E-0F85-415F-92D2-372C230758E9}.Release|Any CPU.ActiveCfg = Release|Any CPU
		{B01EB74E-0F85-415F-92D2-372C230758E9}.Release|Any CPU.Build.0 = Release|Any CPU
		{C14C2CD3-86B8-4AD4-991B-6F3C5E4337E4}.Debug|Any CPU.ActiveCfg = Debug|Any CPU
		{C14C2CD3-86B8-4AD4-991B-6F3C5E4337E4}.Debug|Any CPU.Build.0 = Debug|Any CPU
		{C14C2CD3-86B8-4AD4-991B-6F3C5E4337E4}.Release|Any CPU.ActiveCfg = Release|Any CPU
		{C14C2CD3-86B8-4AD4-991B-6F3C5E4337E4}.Release|Any CPU.Build.0 = Release|Any CPU
	EndGlobalSection
	GlobalSection(SolutionProperties) = preSolution
		HideSolutionNode = FALSE
	EndGlobalSection
EndGlobal
