
Microsoft Visual Studio Solution File, Format Version 12.00
# Visual Studio 14
VisualStudioVersion = 14.0.25420.1
MinimumVisualStudioVersion = 10.0.40219.1
Project("{FAE04EC0-301F-11D3-BF4B-00C04F79EFBC}") = "Homework02 11-3", "Homework02 11-3\Homework02 11-3.csproj", "{FACB94F2-AEEF-4B98-B32D-AFB35A67D5FA}"
EndProject
Global
	GlobalSection(SolutionConfigurationPlatforms) = preSolution
		Debug|Any CPU = Debug|Any CPU
		Release|Any CPU = Release|Any CPU
	EndGlobalSection
	GlobalSection(ProjectConfigurationPlatforms) = postSolution
		{FACB94F2-AEEF-4B98-B32D-AFB35A67D5FA}.Debug|Any CPU.ActiveCfg = Debug|Any CPU
		{FACB94F2-AEEF-4B98-B32D-AFB35A67D5FA}.Debug|Any CPU.Build.0 = Debug|Any CPU
		{FACB94F2-AEEF-4B98-B32D-AFB35A67D5FA}.Release|Any CPU.ActiveCfg = Release|Any CPU
		{FACB94F2-AEEF-4B98-B32D-AFB35A67D5FA}.Release|Any CPU.Build.0 = Release|Any CPU
	EndGlobalSection
	GlobalSection(SolutionProperties) = preSolution
		HideSolutionNode = FALSE
	EndGlobalSection
EndGlobal
